
Microsoft Visual Studio Solution File, Format Version 12.00
# Visual Studio Version 17
VisualStudioVersion = 17.7.34031.279
MinimumVisualStudioVersion = 10.0.40219.1
Project("{FAE04EC0-301F-11D3-BF4B-00C04F79EFBC}") = "Constructor", "Constructor.csproj", "{7331F856-66AC-438C-A61A-FC93C7B50288}"
EndProject
Global
	GlobalSection(SolutionConfigurationPlatforms) = preSolution
		Debug|Any CPU = Debug|Any CPU
		Release|Any CPU = Release|Any CPU
	EndGlobalSection
	GlobalSection(ProjectConfigurationPlatforms) = postSolution
		{7331F856-66AC-438C-A61A-FC93C7B50288}.Debug|Any CPU.ActiveCfg = Debug|Any CPU
		{7331F856-66AC-438C-A61A-FC93C7B50288}.Debug|Any CPU.Build.0 = Debug|Any CPU
		{7331F856-66AC-438C-A61A-FC93C7B50288}.Release|Any CPU.ActiveCfg = Release|Any CPU
		{7331F856-66AC-438C-A61A-FC93C7B50288}.Release|Any CPU.Build.0 = Release|Any CPU
	EndGlobalSection
	GlobalSection(SolutionProperties) = preSolution
		HideSolutionNode = FALSE
	EndGlobalSection
	GlobalSection(ExtensibilityGlobals) = postSolution
		SolutionGuid = {BA4C69B5-2E28-484B-9132-9184B5A5BDB5}
	EndGlobalSection
EndGlobal
